// !$*UTF8*$!
{
	archiveVersion = 1;
	classes = {
	};
	objectVersion = 46;
	objects = {

/* Begin PBXBuildFile section */
		5F2FEF391E4A79CD001EF1C0 /* DetailViewController.swift in Sources */ = {isa = PBXBuildFile; fileRef = 5F2FEF381E4A79CD001EF1C0 /* DetailViewController.swift */; };
		5F311A501E5268660023A87F /* MovieCell.swift in Sources */ = {isa = PBXBuildFile; fileRef = 5F311A4F1E5268660023A87F /* MovieCell.swift */; };
		5F3BED831E2AD1A60066760F /* AppDelegate.swift in Sources */ = {isa = PBXBuildFile; fileRef = 5F3BED821E2AD1A60066760F /* AppDelegate.swift */; };
		5F3BED881E2AD1A60066760F /* Main.storyboard in Resources */ = {isa = PBXBuildFile; fileRef = 5F3BED861E2AD1A60066760F /* Main.storyboard */; };
		5F3BED8A1E2AD1A60066760F /* Assets.xcassets in Resources */ = {isa = PBXBuildFile; fileRef = 5F3BED891E2AD1A60066760F /* Assets.xcassets */; };
		5F3BED8D1E2AD1A60066760F /* LaunchScreen.storyboard in Resources */ = {isa = PBXBuildFile; fileRef = 5F3BED8B1E2AD1A60066760F /* LaunchScreen.storyboard */; };
		5F3BED951E2AD2110066760F /* MoviesViewController.swift in Sources */ = {isa = PBXBuildFile; fileRef = 5F3BED941E2AD2110066760F /* MoviesViewController.swift */; };
		7F95AD28950A4D39A716D52C /* Pods_Flicks.framework in Frameworks */ = {isa = PBXBuildFile; fileRef = 6B62766FB2BD62B83C06C633 /* Pods_Flicks.framework */; };
/* End PBXBuildFile section */

/* Begin PBXFileReference section */
		16C6DC396BD56C8EF644E012 /* Pods-Flicks.release.xcconfig */ = {isa = PBXFileReference; includeInIndex = 1; lastKnownFileType = text.xcconfig; name = "Pods-Flicks.release.xcconfig"; path = "Pods/Target Support Files/Pods-Flicks/Pods-Flicks.release.xcconfig"; sourceTree = "<group>"; };
		25B42E2838A9A5F90CB5133D /* Pods-Flicks.debug.xcconfig */ = {isa = PBXFileReference; includeInIndex = 1; lastKnownFileType = text.xcconfig; name = "Pods-Flicks.debug.xcconfig"; path = "Pods/Target Support Files/Pods-Flicks/Pods-Flicks.debug.xcconfig"; sourceTree = "<group>"; };
		5F2FEF381E4A79CD001EF1C0 /* DetailViewController.swift */ = {isa = PBXFileReference; fileEncoding = 4; lastKnownFileType = sourcecode.swift; path = DetailViewController.swift; sourceTree = "<group>"; };
		5F311A4F1E5268660023A87F /* MovieCell.swift */ = {isa = PBXFileReference; fileEncoding = 4; lastKnownFileType = sourcecode.swift; path = MovieCell.swift; sourceTree = "<group>"; };
		5F3BED7F1E2AD1A60066760F /* Flicks.app */ = {isa = PBXFileReference; explicitFileType = wrapper.application; includeInIndex = 0; path = Flicks.app; sourceTree = BUILT_PRODUCTS_DIR; };
		5F3BED821E2AD1A60066760F /* AppDelegate.swift */ = {isa = PBXFileReference; lastKnownFileType = sourcecode.swift; path = AppDelegate.swift; sourceTree = "<group>"; };
		5F3BED871E2AD1A60066760F /* Base */ = {isa = PBXFileReference; lastKnownFileType = file.storyboard; name = Base; path = Base.lproj/Main.storyboard; sourceTree = "<group>"; };
		5F3BED891E2AD1A60066760F /* Assets.xcassets */ = {isa = PBXFileReference; lastKnownFileType = folder.assetcatalog; path = Assets.xcassets; sourceTree = "<group>"; };
		5F3BED8C1E2AD1A60066760F /* Base */ = {isa = PBXFileReference; lastKnownFileType = file.storyboard; name = Base; path = Base.lproj/LaunchScreen.storyboard; sourceTree = "<group>"; };
		5F3BED8E1E2AD1A60066760F /* Info.plist */ = {isa = PBXFileReference; lastKnownFileType = text.plist.xml; path = Info.plist; sourceTree = "<group>"; };
		5F3BED941E2AD2110066760F /* MoviesViewController.swift */ = {isa = PBXFileReference; fileEncoding = 4; lastKnownFileType = sourcecode.swift; path = MoviesViewController.swift; sourceTree = "<group>"; };
		6B62766FB2BD62B83C06C633 /* Pods_Flicks.framework */ = {isa = PBXFileReference; explicitFileType = wrapper.framework; includeInIndex = 0; path = Pods_Flicks.framework; sourceTree = BUILT_PRODUCTS_DIR; };
/* End PBXFileReference section */

/* Begin PBXFrameworksBuildPhase section */
		5F3BED7C1E2AD1A50066760F /* Frameworks */ = {
			isa = PBXFrameworksBuildPhase;
			buildActionMask = 2147483647;
			files = (
				7F95AD28950A4D39A716D52C /* Pods_Flicks.framework in Frameworks */,
			);
			runOnlyForDeploymentPostprocessing = 0;
		};
/* End PBXFrameworksBuildPhase section */

/* Begin PBXGroup section */
		5F3BED761E2AD1A50066760F = {
			isa = PBXGroup;
			children = (
				5F3BED811E2AD1A60066760F /* Flicks */,
				5F3BED801E2AD1A60066760F /* Products */,
				FE05D7E1D343681253CA5E50 /* Pods */,
				E5F3B6A89344AD19B39F8781 /* Frameworks */,
			);
			sourceTree = "<group>";
		};
		5F3BED801E2AD1A60066760F /* Products */ = {
			isa = PBXGroup;
			children = (
				5F3BED7F1E2AD1A60066760F /* Flicks.app */,
			);
			name = Products;
			sourceTree = "<group>";
		};
		5F3BED811E2AD1A60066760F /* Flicks */ = {
			isa = PBXGroup;
			children = (
				5F91E4AA1E414ADA00FEF632 /* View Controllers */,
				5F91E4A71E414A6A00FEF632 /* Views */,
				5F3BED821E2AD1A60066760F /* AppDelegate.swift */,
				5F3BED861E2AD1A60066760F /* Main.storyboard */,
				5F3BED891E2AD1A60066760F /* Assets.xcassets */,
				5F3BED8B1E2AD1A60066760F /* LaunchScreen.storyboard */,
				5F3BED8E1E2AD1A60066760F /* Info.plist */,
			);
			path = Flicks;
			sourceTree = "<group>";
		};
		5F91E4A71E414A6A00FEF632 /* Views */ = {
			isa = PBXGroup;
			children = (
				5F311A4F1E5268660023A87F /* MovieCell.swift */,
			);
			name = Views;
			sourceTree = "<group>";
		};
		5F91E4AA1E414ADA00FEF632 /* View Controllers */ = {
			isa = PBXGroup;
			children = (
				5F3BED941E2AD2110066760F /* MoviesViewController.swift */,
				5F2FEF381E4A79CD001EF1C0 /* DetailViewController.swift */,
			);
			name = "View Controllers";
			sourceTree = "<group>";
		};
		E5F3B6A89344AD19B39F8781 /* Frameworks */ = {
			isa = PBXGroup;
			children = (
				6B62766FB2BD62B83C06C633 /* Pods_Flicks.framework */,
			);
			name = Frameworks;
			sourceTree = "<group>";
		};
		FE05D7E1D343681253CA5E50 /* Pods */ = {
			isa = PBXGroup;
			children = (
				25B42E2838A9A5F90CB5133D /* Pods-Flicks.debug.xcconfig */,
				16C6DC396BD56C8EF644E012 /* Pods-Flicks.release.xcconfig */,
			);
			name = Pods;
			sourceTree = "<group>";
		};
/* End PBXGroup section */

/* Begin PBXNativeTarget section */
		5F3BED7E1E2AD1A50066760F /* Flicks */ = {
			isa = PBXNativeTarget;
			buildConfigurationList = 5F3BED911E2AD1A60066760F /* Build configuration list for PBXNativeTarget "Flicks" */;
			buildPhases = (
				362BA4A238FD3942251AB8F5 /* [CP] Check Pods Manifest.lock */,
				5F3BED7B1E2AD1A50066760F /* Sources */,
				5F3BED7C1E2AD1A50066760F /* Frameworks */,
				5F3BED7D1E2AD1A50066760F /* Resources */,
				8B5EA3BEE99D4219D2104028 /* [CP] Embed Pods Frameworks */,
				D73143DD89B75B14D819E692 /* [CP] Copy Pods Resources */,
			);
			buildRules = (
			);
			dependencies = (
			);
			name = Flicks;
			productName = Flicks;
			productReference = 5F3BED7F1E2AD1A60066760F /* Flicks.app */;
			productType = "com.apple.product-type.application";
		};
/* End PBXNativeTarget section */

/* Begin PBXProject section */
		5F3BED771E2AD1A50066760F /* Project object */ = {
			isa = PBXProject;
			attributes = {
				LastSwiftUpdateCheck = 0820;
				LastUpgradeCheck = 0820;
				ORGANIZATIONNAME = "Fiona Thompson";
				TargetAttributes = {
					5F3BED7E1E2AD1A50066760F = {
						CreatedOnToolsVersion = 8.2;
						ProvisioningStyle = Automatic;
					};
				};
			};
			buildConfigurationList = 5F3BED7A1E2AD1A50066760F /* Build configuration list for PBXProject "Flicks" */;
			compatibilityVersion = "Xcode 3.2";
			developmentRegion = English;
			hasScannedForEncodings = 0;
			knownRegions = (
				en,
				Base,
			);
			mainGroup = 5F3BED761E2AD1A50066760F;
			productRefGroup = 5F3BED801E2AD1A60066760F /* Products */;
			projectDirPath = "";
			projectRoot = "";
			targets = (
				5F3BED7E1E2AD1A50066760F /* Flicks */,
			);
		};
/* End PBXProject section */

/* Begin PBXResourcesBuildPhase section */
		5F3BED7D1E2AD1A50066760F /* Resources */ = {
			isa = PBXResourcesBuildPhase;
			buildActionMask = 2147483647;
			files = (
				5F3BED8D1E2AD1A60066760F /* LaunchScreen.storyboard in Resources */,
				5F3BED8A1E2AD1A60066760F /* Assets.xcassets in Resources */,
				5F3BED881E2AD1A60066760F /* Main.storyboard in Resources */,
			);
			runOnlyForDeploymentPostprocessing = 0;
		};
/* End PBXResourcesBuildPhase section */

/* Begin PBXShellScriptBuildPhase section */
		362BA4A238FD3942251AB8F5 /* [CP] Check Pods Manifest.lock */ = {
			isa = PBXShellScriptBuildPhase;
			buildActionMask = 2147483647;
			files = (
			);
			inputPaths = (
			);
			name = "[CP] Check Pods Manifest.lock";
			outputPaths = (
			);
			runOnlyForDeploymentPostprocessing = 0;
			shellPath = /bin/sh;
			shellScript = "diff \"${PODS_ROOT}/../Podfile.lock\" \"${PODS_ROOT}/Manifest.lock\" > /dev/null\nif [ $? != 0 ] ; then\n    # print error to STDERR\n    echo \"error: The sandbox is not in sync with the Podfile.lock. Run 'pod install' or update your CocoaPods installation.\" >&2\n    exit 1\nfi\n";
			showEnvVarsInLog = 0;
		};
		8B5EA3BEE99D4219D2104028 /* [CP] Embed Pods Frameworks */ = {
			isa = PBXShellScriptBuildPhase;
			buildActionMask = 2147483647;
			files = (
			);
			inputPaths = (
			);
			name = "[CP] Embed Pods Frameworks";
			outputPaths = (
			);
			runOnlyForDeploymentPostprocessing = 0;
			shellPath = /bin/sh;
			shellScript = "\"${SRCROOT}/Pods/Target Support Files/Pods-Flicks/Pods-Flicks-frameworks.sh\"\n";
			showEnvVarsInLog = 0;
		};
		D73143DD89B75B14D819E692 /* [CP] Copy Pods Resources */ = {
			isa = PBXShellScriptBuildPhase;
			buildActionMask = 2147483647;
			files = (
			);
			inputPaths = (
			);
			name = "[CP] Copy Pods Resources";
			outputPaths = (
			);
			runOnlyForDeploymentPostprocessing = 0;
			shellPath = /bin/sh;
			shellScript = "\"${SRCROOT}/Pods/Target Support Files/Pods-Flicks/Pods-Flicks-resources.sh\"\n";
			showEnvVarsInLog = 0;
		};
/* End PBXShellScriptBuildPhase section */

/* Begin PBXSourcesBuildPhase section */
		5F3BED7B1E2AD1A50066760F /* Sources */ = {
			isa = PBXSourcesBuildPhase;
			buildActionMask = 2147483647;
			files = (
				5F3BED831E2AD1A60066760F /* AppDelegate.swift in Sources */,
				5F3BED951E2AD2110066760F /* MoviesViewController.swift in Sources */,
				5F311A501E5268660023A87F /* MovieCell.swift in Sources */,
				5F2FEF391E4A79CD001EF1C0 /* DetailViewController.swift in Sources */,
			);
			runOnlyForDeploymentPostprocessing = 0;
		};
/* End PBXSourcesBuildPhase section */

/* Begin PBXVariantGroup section */
		5F3BED861E2AD1A60066760F /* Main.storyboard */ = {
			isa = PBXVariantGroup;
			children = (
				5F3BED871E2AD1A60066760F /* Base */,
			);
			name = Main.storyboard;
			sourceTree = "<group>";
		};
		5F3BED8B1E2AD1A60066760F /* LaunchScreen.storyboard */ = {
			isa = PBXVariantGroup;
			children = (
				5F3BED8C1E2AD1A60066760F /* Base */,
			);
			name = LaunchScreen.storyboard;
			sourceTree = "<group>";
		};
/* End PBXVariantGroup section */

/* Begin XCBuildConfiguration section */
		5F3BED8F1E2AD1A60066760F /* Debug */ = {
			isa = XCBuildConfiguration;
			buildSettings = {
				ALWAYS_SEARCH_USER_PATHS = NO;
				CLANG_ANALYZER_NONNULL = YES;
				CLANG_CXX_LANGUAGE_STANDARD = "gnu++0x";
				CLANG_CXX_LIBRARY = "libc++";
				CLANG_ENABLE_MODULES = YES;
				CLANG_ENABLE_OBJC_ARC = YES;
				CLANG_WARN_BOOL_CONVERSION = YES;
				CLANG_WARN_CONSTANT_CONVERSION = YES;
				CLANG_WARN_DIRECT_OBJC_ISA_USAGE = YES_ERROR;
				CLANG_WARN_DOCUMENTATION_COMMENTS = YES;
				CLANG_WARN_EMPTY_BODY = YES;
				CLANG_WARN_ENUM_CONVERSION = YES;
				CLANG_WARN_INFINITE_RECURSION = YES;
				CLANG_WARN_INT_CONVERSION = YES;
				CLANG_WARN_OBJC_ROOT_CLASS = YES_ERROR;
				CLANG_WARN_SUSPICIOUS_MOVE = YES;
				CLANG_WARN_UNREACHABLE_CODE = YES;
				CLANG_WARN__DUPLICATE_METHOD_MATCH = YES;
				"CODE_SIGN_IDENTITY[sdk=iphoneos*]" = "iPhone Developer";
				COPY_PHASE_STRIP = NO;
				DEBUG_INFORMATION_FORMAT = dwarf;
				ENABLE_STRICT_OBJC_MSGSEND = YES;
				ENABLE_TESTABILITY = YES;
				GCC_C_LANGUAGE_STANDARD = gnu99;
				GCC_DYNAMIC_NO_PIC = NO;
				GCC_NO_COMMON_BLOCKS = YES;
				GCC_OPTIMIZATION_LEVEL = 0;
				GCC_PREPROCESSOR_DEFINITIONS = (
					"DEBUG=1",
					"$(inherited)",
				);
				GCC_WARN_64_TO_32_BIT_CONVERSION = YES;
				GCC_WARN_ABOUT_RETURN_TYPE = YES_ERROR;
				GCC_WARN_UNDECLARED_SELECTOR = YES;
				GCC_WARN_UNINITIALIZED_AUTOS = YES_AGGRESSIVE;
				GCC_WARN_UNUSED_FUNCTION = YES;
				GCC_WARN_UNUSED_VARIABLE = YES;
				IPHONEOS_DEPLOYMENT_TARGET = 10.2;
				MTL_ENABLE_DEBUG_INFO = YES;
				ONLY_ACTIVE_ARCH = YES;
				SDKROOT = iphoneos;
				SWIFT_ACTIVE_COMPILATION_CONDITIONS = DEBUG;
				SWIFT_OPTIMIZATION_LEVEL = "-Onone";
			};
			name = Debug;
		};
		5F3BED901E2AD1A60066760F /* Release */ = {
			isa = XCBuildConfiguration;
			buildSettings = {
				ALWAYS_SEARCH_USER_PATHS = NO;
				CLANG_ANALYZER_NONNULL = YES;
				CLANG_CXX_LANGUAGE_STANDARD = "gnu++0x";
				CLANG_CXX_LIBRARY = "libc++";
				CLANG_ENABLE_MODULES = YES;
				CLANG_ENABLE_OBJC_ARC = YES;
				CLANG_WARN_BOOL_CONVERSION = YES;
				CLANG_WARN_CONSTANT_CONVERSION = YES;
				CLANG_WARN_DIRECT_OBJC_ISA_USAGE = YES_ERROR;
				CLANG_WARN_DOCUMENTATION_COMMENTS = YES;
				CLANG_WARN_EMPTY_BODY = YES;
				CLANG_WARN_ENUM_CONVERSION = YES;
				CLANG_WARN_INFINITE_RECURSION = YES;
				CLANG_WARN_INT_CONVERSION = YES;
				CLANG_WARN_OBJC_ROOT_CLASS = YES_ERROR;
				CLANG_WARN_SUSPICIOUS_MOVE = YES;
				CLANG_WARN_UNREACHABLE_CODE = YES;
				CLANG_WARN__DUPLICATE_METHOD_MATCH = YES;
				"CODE_SIGN_IDENTITY[sdk=iphoneos*]" = "iPhone Developer";
				COPY_PHASE_STRIP = NO;
				DEBUG_INFORMATION_FORMAT = "dwarf-with-dsym";
				ENABLE_NS_ASSERTIONS = NO;
				ENABLE_STRICT_OBJC_MSGSEND = YES;
				GCC_C_LANGUAGE_STANDARD = gnu99;
				GCC_NO_COMMON_BLOCKS = YES;
				GCC_WARN_64_TO_32_BIT_CONVERSION = YES;
				GCC_WARN_ABOUT_RETURN_TYPE = YES_ERROR;
				GCC_WARN_UNDECLARED_SELECTOR = YES;
				GCC_WARN_UNINITIALIZED_AUTOS = YES_AGGRESSIVE;
				GCC_WARN_UNUSED_FUNCTION = YES;
				GCC_WARN_UNUSED_VARIABLE = YES;
				IPHONEOS_DEPLOYMENT_TARGET = 10.2;
				MTL_ENABLE_DEBUG_INFO = NO;
				SDKROOT = iphoneos;
				SWIFT_OPTIMIZATION_LEVEL = "-Owholemodule";
				VALIDATE_PRODUCT = YES;
			};
			name = Release;
		};
		5F3BED921E2AD1A60066760F /* Debug */ = {
			isa = XCBuildConfiguration;
			baseConfigurationReference = 25B42E2838A9A5F90CB5133D /* Pods-Flicks.debug.xcconfig */;
			buildSettings = {
				ASSETCATALOG_COMPILER_APPICON_NAME = AppIcon;
				INFOPLIST_FILE = Flicks/Info.plist;
				LD_RUNPATH_SEARCH_PATHS = "$(inherited) @executable_path/Frameworks";
				PRODUCT_BUNDLE_IDENTIFIER = com.fionathompson.Flicks;
				PRODUCT_NAME = "$(TARGET_NAME)";
				SWIFT_VERSION = 3.0;
			};
			name = Debug;
		};
		5F3BED931E2AD1A60066760F /* Release */ = {
			isa = XCBuildConfiguration;
			baseConfigurationReference = 16C6DC396BD56C8EF644E012 /* Pods-Flicks.release.xcconfig */;
			buildSettings = {
				ASSETCATALOG_COMPILER_APPICON_NAME = AppIcon;
				INFOPLIST_FILE = Flicks/Info.plist;
				LD_RUNPATH_SEARCH_PATHS = "$(inherited) @executable_path/Frameworks";
				PRODUCT_BUNDLE_IDENTIFIER = com.fionathompson.Flicks;
				PRODUCT_NAME = "$(TARGET_NAME)";
				SWIFT_VERSION = 3.0;
			};
			name = Release;
		};
/* End XCBuildConfiguration section */

/* Begin XCConfigurationList section */
		5F3BED7A1E2AD1A50066760F /* Build configuration list for PBXProject "Flicks" */ = {
			isa = XCConfigurationList;
			buildConfigurations = (
				5F3BED8F1E2AD1A60066760F /* Debug */,
				5F3BED901E2AD1A60066760F /* Release */,
			);
			defaultConfigurationIsVisible = 0;
			defaultConfigurationName = Release;
		};
		5F3BED911E2AD1A60066760F /* Build configuration list for PBXNativeTarget "Flicks" */ = {
			isa = XCConfigurationList;
			buildConfigurations = (
				5F3BED921E2AD1A60066760F /* Debug */,
				5F3BED931E2AD1A60066760F /* Release */,
			);
			defaultConfigurationIsVisible = 0;
			defaultConfigurationName = Release;
		};
/* End XCConfigurationList section */
	};
	rootObject = 5F3BED771E2AD1A50066760F /* Project object */;
}
